{
  "lockfileVersion": 1,
  "configVersion": 1,
  "workspaces": {
    "": {
      "name": "textual-webterm-frontend",
      "dependencies": {
        "@xterm/addon-canvas": "^0.7.0",
        "@xterm/addon-clipboard": "^0.2.0",
        "@xterm/addon-fit": "^0.10.0",
        "@xterm/addon-unicode11": "^0.8.0",
        "@xterm/addon-web-links": "^0.11.0",
        "@xterm/addon-webgl": "^0.18.0",
        "@xterm/xterm": "^6.0.0",
      },
      "devDependencies": {
        "typescript": "^5.7.0",
      },
    },
  },
  "packages": {
    "@xterm/addon-canvas": ["@xterm/addon-canvas@0.7.0", "", { "peerDependencies": { "@xterm/xterm": "^5.0.0" } }, "sha512-LF5LYcfvefJuJ7QotNRdRSPc9YASAVDeoT5uyXS/nZshZXjYplGXRECBGiznwvhNL2I8bq1Lf5MzRwstsYQ2Iw=="],

    "@xterm/addon-clipboard": ["@xterm/addon-clipboard@0.2.0", "", { "dependencies": { "js-base64": "^3.7.5" } }, "sha512-Dl31BCtBhLaUEECUbEiVcCLvLBbaeGYdT7NofB8OJkGTD3MWgBsaLjXvfGAD4tQNHhm6mbKyYkR7XD8kiZsdNg=="],

    "@xterm/addon-fit": ["@xterm/addon-fit@0.10.0", "", { "peerDependencies": { "@xterm/xterm": "^5.0.0" } }, "sha512-UFYkDm4HUahf2lnEyHvio51TNGiLK66mqP2JoATy7hRZeXaGMRDr00JiSF7m63vR5WKATF605yEggJKsw0JpMQ=="],

    "@xterm/addon-unicode11": ["@xterm/addon-unicode11@0.8.0", "", { "peerDependencies": { "@xterm/xterm": "^5.0.0" } }, "sha512-LxinXu8SC4OmVa6FhgwsVCBZbr8WoSGzBl2+vqe8WcQ6hb1r6Gj9P99qTNdPiFPh4Ceiu2pC8xukZ6+2nnh49Q=="],

    "@xterm/addon-web-links": ["@xterm/addon-web-links@0.11.0", "", { "peerDependencies": { "@xterm/xterm": "^5.0.0" } }, "sha512-nIHQ38pQI+a5kXnRaTgwqSHnX7KE6+4SVoceompgHL26unAxdfP6IPqUTSYPQgSwM56hsElfoNrrW5V7BUED/Q=="],

    "@xterm/addon-webgl": ["@xterm/addon-webgl@0.18.0", "", { "peerDependencies": { "@xterm/xterm": "^5.0.0" } }, "sha512-xCnfMBTI+/HKPdRnSOHaJDRqEpq2Ugy8LEj9GiY4J3zJObo3joylIFaMvzBwbYRg8zLtkO0KQaStCeSfoaI2/w=="],

    "@xterm/xterm": ["@xterm/xterm@6.0.0", "", {}, "sha512-TQwDdQGtwwDt+2cgKDLn0IRaSxYu1tSUjgKarSDkUM0ZNiSRXFpjxEsvc/Zgc5kq5omJ+V0a8/kIM2WD3sMOYg=="],

    "js-base64": ["js-base64@3.7.8", "", {}, "sha512-hNngCeKxIUQiEUN3GPJOkz4wF/YvdUdbNL9hsBcMQTkKzboD7T/q3OYOuuPZLUE6dBxSGpwhk5mwuDud7JVAow=="],

    "typescript": ["typescript@5.9.3", "", { "bin": { "tsc": "bin/tsc", "tsserver": "bin/tsserver" } }, "sha512-jl1vZzPDinLr9eUt3J/t7V6FgNEw9QjvBPdysz9KfQDD41fQrC2Y4vKQdiaUpFT4bXlb1RHhLpp8wtm6M5TgSw=="],
  }
}
