{
  "lockfileVersion": 1,
  "configVersion": 1,
  "workspaces": {
    "": {
      "name": "webterm-frontend",
      "dependencies": {
        "ghostty-web": "github:rcarmo/ghostty-web#2837b81646aa0c00bb5a2881b5a53400346c76de",
      },
      "devDependencies": {
        "typescript": "^5.7.0",
      },
    },
  },
  "packages": {
    "ghostty-web": ["ghostty-web@github:rcarmo/ghostty-web#2837b81646aa0c00bb5a2881b5a53400346c76de", {}, "rcarmo-ghostty-web-2837b81646aa0c00bb5a2881b5a53400346c76de"],

    "typescript": ["typescript@5.9.3", "", { "bin": { "tsc": "bin/tsc", "tsserver": "bin/tsserver" } }, "sha512-jl1vZzPDinLr9eUt3J/t7V6FgNEw9QjvBPdysz9KfQDD41fQrC2Y4vKQdiaUpFT4bXlb1RHhLpp8wtm6M5TgSw=="],
  }
}
