{
  "name": "webterm-frontend",
  "lockfileVersion": 3,
  "requires": true,
  "packages": {
    "": {
      "name": "webterm-frontend",
      "dependencies": {
        "ghostty-web": "github:rcarmo/ghostty-web#v0.8.1"
      },
      "devDependencies": {
        "typescript": "^5.7.0"
      }
    },
    "node_modules/ghostty-web": {
      "version": "0.8.1",
      "resolved": "git+ssh://git@github.com/rcarmo/ghostty-web.git#fc9cc762423c637dce8731ae63a39b822388382b",
      "license": "MIT"
    },
    "node_modules/typescript": {
      "version": "5.9.3",
      "dev": true,
      "license": "Apache-2.0",
      "bin": {
        "tsc": "bin/tsc",
        "tsserver": "bin/tsserver"
      },
      "engines": {
        "node": ">=14.17"
      }
    }
  }
}
