{
  "name": "textual-webterm-frontend",
  "lockfileVersion": 3,
  "requires": true,
  "packages": {
    "": {
      "name": "textual-webterm-frontend",
      "dependencies": {
        "ghostty-web": "github:rcarmo/ghostty-web"
      },
      "devDependencies": {
        "typescript": "^5.7.0"
      }
    },
    "node_modules/ghostty-web": {
      "version": "0.4.0-ime-fix",
      "resolved": "git+ssh://git@github.com/rcarmo/ghostty-web.git#50fc9127151f7d9d20d5c7bfaea8a6dba8b15bf5",
      "license": "MIT"
    },
    "node_modules/typescript": {
      "version": "5.9.3",
      "dev": true,
      "license": "Apache-2.0",
      "bin": {
        "tsc": "bin/tsc",
        "tsserver": "bin/tsserver"
      },
      "engines": {
        "node": ">=14.17"
      }
    }
  }
}
