{
  "name": "webterm-frontend",
  "lockfileVersion": 3,
  "requires": true,
  "packages": {
    "": {
      "name": "webterm-frontend",
      "dependencies": {
        "ghostty-web": "github:rcarmo/ghostty-web#2837b81646aa0c00bb5a2881b5a53400346c76de"
      },
      "devDependencies": {
        "typescript": "^5.7.0"
      }
    },
    "node_modules/ghostty-web": {
      "version": "0.4.0-ime-fix",
      "resolved": "git+ssh://git@github.com/rcarmo/ghostty-web.git#2837b81646aa0c00bb5a2881b5a53400346c76de",
      "integrity": "sha512-NDR8cAy54aBYRz6lL+6r3KPMw/wRIaN3MS+yOEv31cBYgOuFJKkzbDVG/pFXQQJbea6+3w+WKrlOSz74SMHGfw==",
      "license": "MIT"
    },
    "node_modules/typescript": {
      "version": "5.9.3",
      "dev": true,
      "license": "Apache-2.0",
      "bin": {
        "tsc": "bin/tsc",
        "tsserver": "bin/tsserver"
      },
      "engines": {
        "node": ">=14.17"
      }
    }
  }
}
